PODS:
  - AppAuth (1.7.5):
    - AppAuth/Core (= 1.7.5)
    - AppAuth/ExternalUserAgent (= 1.7.5)
  - AppAuth/Core (1.7.5)
  - AppAuth/ExternalUserAgent (1.7.5):
    - AppAuth/Core
  - audio_session (0.0.1):
    - Flutter
  - audioplayers_darwin (0.0.1):
    - Flutter
  - connectivity_plus (0.0.1):
    - Flutter
    - ReachabilitySwift
  - device_info_plus (0.0.1):
    - Flutter
  - DKImagePickerController/Core (4.3.9):
    - DKImagePickerController/ImageDataManager
    - DKImagePickerController/Resource
  - DKImagePickerController/ImageDataManager (4.3.9)
  - DKImagePickerController/PhotoGallery (4.3.9):
    - DKImagePickerController/Core
    - DKPhotoGallery
  - DKImagePickerController/Resource (4.3.9)
  - DKPhotoGallery (0.0.19):
    - DKPhotoGallery/Core (= 0.0.19)
    - DKPhotoGallery/Model (= 0.0.19)
    - DKPhotoGallery/Preview (= 0.0.19)
    - DKPhotoGallery/Resource (= 0.0.19)
    - SDWebImage
    - SwiftyGif
  - DKPhotoGallery/Core (0.0.19):
    - DKPhotoGallery/Model
    - DKPhotoGallery/Preview
    - SDWebImage
    - SwiftyGif
  - DKPhotoGallery/Model (0.0.19):
    - SDWebImage
    - SwiftyGif
  - DKPhotoGallery/Preview (0.0.19):
    - DKPhotoGallery/Model
    - DKPhotoGallery/Resource
    - SDWebImage
    - SwiftyGif
  - DKPhotoGallery/Resource (0.0.19):
    - SDWebImage
    - SwiftyGif
  - emoji_picker_flutter (0.0.1):
    - Flutter
  - FBAEMKit (17.0.3):
    - FBSDKCoreKit_Basics (= 17.0.3)
  - FBSDKCoreKit (17.0.3):
    - FBAEMKit (= 17.0.3)
    - FBSDKCoreKit_Basics (= 17.0.3)
  - FBSDKCoreKit_Basics (17.0.3)
  - FBSDKLoginKit (17.0.3):
    - FBSDKCoreKit (= 17.0.3)
  - file_picker (0.0.1):
    - DKImagePickerController/PhotoGallery
    - Flutter
  - Firebase/Auth (10.29.0):
    - Firebase/CoreOnly
    - FirebaseAuth (~> 10.29.0)
  - Firebase/CoreOnly (10.29.0):
    - FirebaseCore (= 10.29.0)
  - Firebase/Messaging (10.29.0):
    - Firebase/CoreOnly
    - FirebaseMessaging (~> 10.29.0)
  - firebase_auth (5.1.4):
    - Firebase/Auth (= 10.29.0)
    - firebase_core
    - Flutter
  - firebase_core (3.3.0):
    - Firebase/CoreOnly (= 10.29.0)
    - Flutter
  - firebase_messaging (15.0.4):
    - Firebase/Messaging (= 10.29.0)
    - firebase_core
    - Flutter
  - FirebaseAppCheckInterop (10.29.0)
  - FirebaseAuth (10.29.0):
    - FirebaseAppCheckInterop (~> 10.17)
    - FirebaseCore (~> 10.0)
    - GoogleUtilities/AppDelegateSwizzler (~> 7.8)
    - GoogleUtilities/Environment (~> 7.8)
    - GTMSessionFetcher/Core (< 4.0, >= 2.1)
    - RecaptchaInterop (~> 100.0)
  - FirebaseCore (10.29.0):
    - FirebaseCoreInternal (~> 10.0)
    - GoogleUtilities/Environment (~> 7.12)
    - GoogleUtilities/Logger (~> 7.12)
  - FirebaseCoreInternal (10.29.0):
    - "GoogleUtilities/NSData+zlib (~> 7.8)"
  - FirebaseInstallations (10.29.0):
    - FirebaseCore (~> 10.0)
    - GoogleUtilities/Environment (~> 7.8)
    - GoogleUtilities/UserDefaults (~> 7.8)
    - PromisesObjC (~> 2.1)
  - FirebaseMessaging (10.29.0):
    - FirebaseCore (~> 10.0)
    - FirebaseInstallations (~> 10.0)
    - GoogleDataTransport (~> 9.3)
    - GoogleUtilities/AppDelegateSwizzler (~> 7.8)
    - GoogleUtilities/Environment (~> 7.8)
    - GoogleUtilities/Reachability (~> 7.8)
    - GoogleUtilities/UserDefaults (~> 7.8)
    - nanopb (< 2.30911.0, >= 2.30908.0)
  - Flutter (1.0.0)
  - flutter_downloader (0.0.1):
    - Flutter
  - flutter_facebook_auth (6.2.0):
    - FBSDKLoginKit (~> 17.0.0)
    - Flutter
  - flutter_inappwebview (0.0.1):
    - Flutter
    - flutter_inappwebview/Core (= 0.0.1)
    - OrderedSet (~> 5.0)
  - flutter_inappwebview/Core (0.0.1):
    - Flutter
    - OrderedSet (~> 5.0)
  - flutter_keyboard_visibility (0.0.1):
    - Flutter
  - flutter_local_notifications (0.0.1):
    - Flutter
  - flutter_pdfview (1.0.2):
    - Flutter
  - flutter_secure_storage (6.0.0):
    - Flutter
  - fluttertoast (0.0.2):
    - Flutter
    - Toast
  - geocoding_ios (1.0.5):
    - Flutter
  - geolocator_apple (1.2.0):
    - Flutter
  - Google-Maps-iOS-Utils (5.0.0):
    - GoogleMaps (~> 8.0)
  - google_maps_flutter_ios (0.0.1):
    - Flutter
    - Google-Maps-iOS-Utils (< 7.0, >= 5.0)
    - GoogleMaps (< 10.0, >= 8.4)
  - google_sign_in_ios (0.0.1):
    - AppAuth (>= 1.7.4)
    - Flutter
    - FlutterMacOS
    - GoogleSignIn (~> 7.1)
    - GTMSessionFetcher (>= 3.4.0)
  - GoogleDataTransport (9.4.1):
    - GoogleUtilities/Environment (~> 7.7)
    - nanopb (< 2.30911.0, >= 2.30908.0)
    - PromisesObjC (< 3.0, >= 1.2)
  - GoogleMaps (8.4.0):
    - GoogleMaps/Maps (= 8.4.0)
  - GoogleMaps/Base (8.4.0)
  - GoogleMaps/Maps (8.4.0):
    - GoogleMaps/Base
  - GoogleSignIn (7.1.0):
    - AppAuth (< 2.0, >= 1.7.3)
    - GTMAppAuth (< 5.0, >= 4.1.1)
    - GTMSessionFetcher/Core (~> 3.3)
  - GoogleUtilities/AppDelegateSwizzler (7.13.3):
    - GoogleUtilities/Environment
    - GoogleUtilities/Logger
    - GoogleUtilities/Network
    - GoogleUtilities/Privacy
  - GoogleUtilities/Environment (7.13.3):
    - GoogleUtilities/Privacy
    - PromisesObjC (< 3.0, >= 1.2)
  - GoogleUtilities/Logger (7.13.3):
    - GoogleUtilities/Environment
    - GoogleUtilities/Privacy
  - GoogleUtilities/Network (7.13.3):
    - GoogleUtilities/Logger
    - "GoogleUtilities/NSData+zlib"
    - GoogleUtilities/Privacy
    - GoogleUtilities/Reachability
  - "GoogleUtilities/NSData+zlib (7.13.3)":
    - GoogleUtilities/Privacy
  - GoogleUtilities/Privacy (7.13.3)
  - GoogleUtilities/Reachability (7.13.3):
    - GoogleUtilities/Logger
    - GoogleUtilities/Privacy
  - GoogleUtilities/UserDefaults (7.13.3):
    - GoogleUtilities/Logger
    - GoogleUtilities/Privacy
  - GTMAppAuth (4.1.1):
    - AppAuth/Core (~> 1.7)
    - GTMSessionFetcher/Core (< 4.0, >= 3.3)
  - GTMSessionFetcher (3.5.0):
    - GTMSessionFetcher/Full (= 3.5.0)
  - GTMSessionFetcher/Core (3.5.0)
  - GTMSessionFetcher/Full (3.5.0):
    - GTMSessionFetcher/Core
  - image_picker_ios (0.0.1):
    - Flutter
  - just_audio (0.0.1):
    - Flutter
  - nanopb (2.30910.0):
    - nanopb/decode (= 2.30910.0)
    - nanopb/encode (= 2.30910.0)
  - nanopb/decode (2.30910.0)
  - nanopb/encode (2.30910.0)
  - open_file_manager (0.0.1):
    - Flutter
  - open_file_plus (1.0.0):
    - Flutter
  - OrderedSet (5.0.0)
  - package_info_plus (0.4.5):
    - Flutter
  - path_provider_foundation (0.0.1):
    - Flutter
    - FlutterMacOS
  - permission_handler_apple (9.3.0):
    - Flutter
  - PhoneNumberKit/PhoneNumberKitCore (3.5.10)
  - PromisesObjC (2.4.0)
  - ReachabilitySwift (5.2.3)
  - RecaptchaInterop (100.0.0)
  - SDWebImage (5.19.6):
    - SDWebImage/Core (= 5.19.6)
  - SDWebImage/Core (5.19.6)
  - share_plus (0.0.1):
    - Flutter
  - shared_preferences_foundation (0.0.1):
    - Flutter
    - FlutterMacOS
  - sign_in_with_apple (0.0.1):
    - Flutter
  - sqflite (0.0.3):
    - Flutter
    - FlutterMacOS
  - SwiftyGif (5.4.5)
  - syncfusion_flutter_pdfviewer (0.0.1):
    - Flutter
  - Toast (4.1.1)
  - url_launcher_ios (0.0.1):
    - Flutter
  - video_player_avfoundation (0.0.1):
    - Flutter
    - FlutterMacOS
  - wakelock_plus (0.0.1):
    - Flutter
  - webview_flutter_wkwebview (0.0.1):
    - Flutter

DEPENDENCIES:
  - audio_session (from `.symlinks/plugins/audio_session/ios`)
  - audioplayers_darwin (from `.symlinks/plugins/audioplayers_darwin/ios`)
  - connectivity_plus (from `.symlinks/plugins/connectivity_plus/ios`)
  - device_info_plus (from `.symlinks/plugins/device_info_plus/ios`)
  - emoji_picker_flutter (from `.symlinks/plugins/emoji_picker_flutter/ios`)
  - file_picker (from `.symlinks/plugins/file_picker/ios`)
  - firebase_auth (from `.symlinks/plugins/firebase_auth/ios`)
  - firebase_core (from `.symlinks/plugins/firebase_core/ios`)
  - firebase_messaging (from `.symlinks/plugins/firebase_messaging/ios`)
  - Flutter (from `Flutter`)
  - flutter_downloader (from `.symlinks/plugins/flutter_downloader/ios`)
  - flutter_facebook_auth (from `.symlinks/plugins/flutter_facebook_auth/ios`)
  - flutter_inappwebview (from `.symlinks/plugins/flutter_inappwebview/ios`)
  - flutter_keyboard_visibility (from `.symlinks/plugins/flutter_keyboard_visibility/ios`)
  - flutter_local_notifications (from `.symlinks/plugins/flutter_local_notifications/ios`)
  - flutter_pdfview (from `.symlinks/plugins/flutter_pdfview/ios`)
  - flutter_secure_storage (from `.symlinks/plugins/flutter_secure_storage/ios`)
  - fluttertoast (from `.symlinks/plugins/fluttertoast/ios`)
  - geocoding_ios (from `.symlinks/plugins/geocoding_ios/ios`)
  - geolocator_apple (from `.symlinks/plugins/geolocator_apple/ios`)
  - google_maps_flutter_ios (from `.symlinks/plugins/google_maps_flutter_ios/ios`)
  - google_sign_in_ios (from `.symlinks/plugins/google_sign_in_ios/darwin`)
  - image_picker_ios (from `.symlinks/plugins/image_picker_ios/ios`)
  - just_audio (from `.symlinks/plugins/just_audio/ios`)
  - open_file_manager (from `.symlinks/plugins/open_file_manager/ios`)
  - open_file_plus (from `.symlinks/plugins/open_file_plus/ios`)
  - package_info_plus (from `.symlinks/plugins/package_info_plus/ios`)
  - path_provider_foundation (from `.symlinks/plugins/path_provider_foundation/darwin`)
  - permission_handler_apple (from `.symlinks/plugins/permission_handler_apple/ios`)
  - PhoneNumberKit/PhoneNumberKitCore (from `https://github.com/marmelroy/PhoneNumberKit`, tag `3.5.10`)
  - share_plus (from `.symlinks/plugins/share_plus/ios`)
  - shared_preferences_foundation (from `.symlinks/plugins/shared_preferences_foundation/darwin`)
  - sign_in_with_apple (from `.symlinks/plugins/sign_in_with_apple/ios`)
  - sqflite (from `.symlinks/plugins/sqflite/darwin`)
  - syncfusion_flutter_pdfviewer (from `.symlinks/plugins/syncfusion_flutter_pdfviewer/ios`)
  - url_launcher_ios (from `.symlinks/plugins/url_launcher_ios/ios`)
  - video_player_avfoundation (from `.symlinks/plugins/video_player_avfoundation/darwin`)
  - wakelock_plus (from `.symlinks/plugins/wakelock_plus/ios`)
  - webview_flutter_wkwebview (from `.symlinks/plugins/webview_flutter_wkwebview/ios`)

SPEC REPOS:
  trunk:
    - AppAuth
    - DKImagePickerController
    - DKPhotoGallery
    - FBAEMKit
    - FBSDKCoreKit
    - FBSDKCoreKit_Basics
    - FBSDKLoginKit
    - Firebase
    - FirebaseAppCheckInterop
    - FirebaseAuth
    - FirebaseCore
    - FirebaseCoreInternal
    - FirebaseInstallations
    - FirebaseMessaging
    - Google-Maps-iOS-Utils
    - GoogleDataTransport
    - GoogleMaps
    - GoogleSignIn
    - GoogleUtilities
    - GTMAppAuth
    - GTMSessionFetcher
    - nanopb
    - OrderedSet
    - PromisesObjC
    - ReachabilitySwift
    - RecaptchaInterop
    - SDWebImage
    - SwiftyGif
    - Toast

EXTERNAL SOURCES:
  audio_session:
    :path: ".symlinks/plugins/audio_session/ios"
  audioplayers_darwin:
    :path: ".symlinks/plugins/audioplayers_darwin/ios"
  connectivity_plus:
    :path: ".symlinks/plugins/connectivity_plus/ios"
  device_info_plus:
    :path: ".symlinks/plugins/device_info_plus/ios"
  emoji_picker_flutter:
    :path: ".symlinks/plugins/emoji_picker_flutter/ios"
  file_picker:
    :path: ".symlinks/plugins/file_picker/ios"
  firebase_auth:
    :path: ".symlinks/plugins/firebase_auth/ios"
  firebase_core:
    :path: ".symlinks/plugins/firebase_core/ios"
  firebase_messaging:
    :path: ".symlinks/plugins/firebase_messaging/ios"
  Flutter:
    :path: Flutter
  flutter_downloader:
    :path: ".symlinks/plugins/flutter_downloader/ios"
  flutter_facebook_auth:
    :path: ".symlinks/plugins/flutter_facebook_auth/ios"
  flutter_inappwebview:
    :path: ".symlinks/plugins/flutter_inappwebview/ios"
  flutter_keyboard_visibility:
    :path: ".symlinks/plugins/flutter_keyboard_visibility/ios"
  flutter_local_notifications:
    :path: ".symlinks/plugins/flutter_local_notifications/ios"
  flutter_pdfview:
    :path: ".symlinks/plugins/flutter_pdfview/ios"
  flutter_secure_storage:
    :path: ".symlinks/plugins/flutter_secure_storage/ios"
  fluttertoast:
    :path: ".symlinks/plugins/fluttertoast/ios"
  geocoding_ios:
    :path: ".symlinks/plugins/geocoding_ios/ios"
  geolocator_apple:
    :path: ".symlinks/plugins/geolocator_apple/ios"
  google_maps_flutter_ios:
    :path: ".symlinks/plugins/google_maps_flutter_ios/ios"
  google_sign_in_ios:
    :path: ".symlinks/plugins/google_sign_in_ios/darwin"
  image_picker_ios:
    :path: ".symlinks/plugins/image_picker_ios/ios"
  just_audio:
    :path: ".symlinks/plugins/just_audio/ios"
  open_file_manager:
    :path: ".symlinks/plugins/open_file_manager/ios"
  open_file_plus:
    :path: ".symlinks/plugins/open_file_plus/ios"
  package_info_plus:
    :path: ".symlinks/plugins/package_info_plus/ios"
  path_provider_foundation:
    :path: ".symlinks/plugins/path_provider_foundation/darwin"
  permission_handler_apple:
    :path: ".symlinks/plugins/permission_handler_apple/ios"
  PhoneNumberKit:
    :git: https://github.com/marmelroy/PhoneNumberKit
    :tag: 3.5.10
  share_plus:
    :path: ".symlinks/plugins/share_plus/ios"
  shared_preferences_foundation:
    :path: ".symlinks/plugins/shared_preferences_foundation/darwin"
  sign_in_with_apple:
    :path: ".symlinks/plugins/sign_in_with_apple/ios"
  sqflite:
    :path: ".symlinks/plugins/sqflite/darwin"
  syncfusion_flutter_pdfviewer:
    :path: ".symlinks/plugins/syncfusion_flutter_pdfviewer/ios"
  url_launcher_ios:
    :path: ".symlinks/plugins/url_launcher_ios/ios"
  video_player_avfoundation:
    :path: ".symlinks/plugins/video_player_avfoundation/darwin"
  wakelock_plus:
    :path: ".symlinks/plugins/wakelock_plus/ios"
  webview_flutter_wkwebview:
    :path: ".symlinks/plugins/webview_flutter_wkwebview/ios"

CHECKOUT OPTIONS:
  PhoneNumberKit:
    :git: https://github.com/marmelroy/PhoneNumberKit
    :tag: 3.5.10

SPEC CHECKSUMS:
  AppAuth: 501c04eda8a8d11f179dbe8637b7a91bb7e5d2fa
  audio_session: 088d2483ebd1dc43f51d253d4a1c517d9a2e7207
  audioplayers_darwin: 877d9a4d06331c5c374595e46e16453ac7eafa40
  connectivity_plus: bf0076dd84a130856aa636df1c71ccaff908fa1d
  device_info_plus: 97af1d7e84681a90d0693e63169a5d50e0839a0d
  DKImagePickerController: 946cec48c7873164274ecc4624d19e3da4c1ef3c
  DKPhotoGallery: b3834fecb755ee09a593d7c9e389d8b5d6deed60
  emoji_picker_flutter: fe2e6151c5b548e975d546e6eeb567daf0962a58
  FBAEMKit: 9900b2edd99a2d21629a6277e6166f14c6215799
  FBSDKCoreKit: 0791f8f68a8630931a4c12aa23a56cc021551596
  FBSDKCoreKit_Basics: 46d6b472c0dd0a5a7e972c025033d1c567f54eb4
  FBSDKLoginKit: b4a4eba1d62eb452544411824f41689adabd5bd2
  file_picker: 09aa5ec1ab24135ccd7a1621c46c84134bfd6655
  Firebase: cec914dab6fd7b1bd8ab56ea07ce4e03dd251c2d
  firebase_auth: 8dbfcdd635cc4fb2ea213aeee8c9a979b3d3373b
  firebase_core: 57aeb91680e5d5e6df6b888064be7c785f146efb
  firebase_messaging: c862b3d2b973ecc769194dc8de09bd22c77ae757
  FirebaseAppCheckInterop: 6a1757cfd4067d8e00fccd14fcc1b8fd78cfac07
  FirebaseAuth: e2ebfaf9fb4638a1c9a3b0efd17d1b90943987cd
  FirebaseCore: 30e9c1cbe3d38f5f5e75f48bfcea87d7c358ec16
  FirebaseCoreInternal: df84dd300b561c27d5571684f389bf60b0a5c934
  FirebaseInstallations: 913cf60d0400ebd5d6b63a28b290372ab44590dd
  FirebaseMessaging: 7b5d8033e183ab59eb5b852a53201559e976d366
  Flutter: e0871f40cf51350855a761d2e70bf5af5b9b5de7
  flutter_downloader: b7301ae057deadd4b1650dc7c05375f10ff12c39
  flutter_facebook_auth: 66188df7905bfcaf3d6d2bd6527302c56448f04d
  flutter_inappwebview: 3d32228f1304635e7c028b0d4252937730bbc6cf
  flutter_keyboard_visibility: 0339d06371254c3eb25eeb90ba8d17dca8f9c069
  flutter_local_notifications: 4cde75091f6327eb8517fa068a0a5950212d2086
  flutter_pdfview: 25f53dd6097661e6395b17de506e6060585946bd
  flutter_secure_storage: d33dac7ae2ea08509be337e775f6b59f1ff45f12
  fluttertoast: e9a18c7be5413da53898f660530c56f35edfba9c
  geocoding_ios: a389ea40f6f548de6e63006a2e31bf66ff80769a
  geolocator_apple: 6cbaf322953988e009e5ecb481f07efece75c450
  Google-Maps-iOS-Utils: 66d6de12be1ce6d3742a54661e7a79cb317a9321
  google_maps_flutter_ios: e31555a04d1986ab130f2b9f24b6cdc861acc6d3
  google_sign_in_ios: 07375bfbf2620bc93a602c0e27160d6afc6ead38
  GoogleDataTransport: 6c09b596d841063d76d4288cc2d2f42cc36e1e2a
  GoogleMaps: 8939898920281c649150e0af74aa291c60f2e77d
  GoogleSignIn: d4281ab6cf21542b1cfaff85c191f230b399d2db
  GoogleUtilities: ea963c370a38a8069cc5f7ba4ca849a60b6d7d15
  GTMAppAuth: f69bd07d68cd3b766125f7e072c45d7340dea0de
  GTMSessionFetcher: 5aea5ba6bd522a239e236100971f10cb71b96ab6
  image_picker_ios: c560581cceedb403a6ff17f2f816d7fea1421fc1
  just_audio: baa7252489dbcf47a4c7cc9ca663e9661c99aafa
  nanopb: 438bc412db1928dac798aa6fd75726007be04262
  open_file_manager: cdc5849f062aa70cad3da24a0dde74955d78c1ec
  open_file_plus: 05737718530c14cf02868e3b7754d7fe4df76d8b
  OrderedSet: aaeb196f7fef5a9edf55d89760da9176ad40b93c
  package_info_plus: 58f0028419748fad15bf008b270aaa8e54380b1c
  path_provider_foundation: 2b6b4c569c0fb62ec74538f866245ac84301af46
  permission_handler_apple: 9878588469a2b0d0fc1e048d9f43605f92e6cec2
  PhoneNumberKit: 0e34a6e8a50e4624e96a4710bc4a7211464a934e
  PromisesObjC: f5707f49cb48b9636751c5b2e7d227e43fba9f47
  ReachabilitySwift: 7f151ff156cea1481a8411701195ac6a984f4979
  RecaptchaInterop: 7d1a4a01a6b2cb1610a47ef3f85f0c411434cb21
  SDWebImage: a79252b60f4678812d94316c91da69ec83089c9f
  share_plus: c3fef564749587fc939ef86ffb283ceac0baf9f5
  shared_preferences_foundation: fcdcbc04712aee1108ac7fda236f363274528f78
  sign_in_with_apple: f3bf75217ea4c2c8b91823f225d70230119b8440
  sqflite: 673a0e54cc04b7d6dba8d24fb8095b31c3a99eec
  SwiftyGif: 706c60cf65fa2bc5ee0313beece843c8eb8194d4
  syncfusion_flutter_pdfviewer: bb9998884b864cfedf72628df3503bdf57e397c0
  Toast: 1f5ea13423a1e6674c4abdac5be53587ae481c4e
  url_launcher_ios: 5334b05cef931de560670eeae103fd3e431ac3fe
  video_player_avfoundation: 7c6c11d8470e1675df7397027218274b6d2360b3
  wakelock_plus: 78ec7c5b202cab7761af8e2b2b3d0671be6c4ae1
  webview_flutter_wkwebview: 2a23822e9039b7b1bc52e5add778e5d89ad488d1

PODFILE CHECKSUM: 0e089e3e1aa2176510e249fa91950fe0eefa9381

COCOAPODS: 1.13.0
